// !$*UTF8*$!
{
	archiveVersion = 1;
	classes = {
	};
	objectVersion = 46;
	objects = {

/* Begin PBXBuildFile section */
		84602E301AE500D5009204B1 /* Foundation.framework in Frameworks */ = {isa = PBXBuildFile; fileRef = 84602E2F1AE500D5009204B1 /* Foundation.framework */; };
		84602E321AE500D5009204B1 /* CoreGraphics.framework in Frameworks */ = {isa = PBXBuildFile; fileRef = 84602E311AE500D5009204B1 /* CoreGraphics.framework */; };
		84602E341AE500D5009204B1 /* UIKit.framework in Frameworks */ = {isa = PBXBuildFile; fileRef = 84602E331AE500D5009204B1 /* UIKit.framework */; };
		84602E3A1AE500D5009204B1 /* InfoPlist.strings in Resources */ = {isa = PBXBuildFile; fileRef = 84602E381AE500D5009204B1 /* InfoPlist.strings */; };
		84602E3C1AE500D5009204B1 /* main.m in Sources */ = {isa = PBXBuildFile; fileRef = 84602E3B1AE500D5009204B1 /* main.m */; };
		84602E401AE500D5009204B1 /* HMAppDelegate.m in Sources */ = {isa = PBXBuildFile; fileRef = 84602E3F1AE500D5009204B1 /* HMAppDelegate.m */; };
		84602E431AE500D5009204B1 /* Main.storyboard in Resources */ = {isa = PBXBuildFile; fileRef = 84602E411AE500D5009204B1 /* Main.storyboard */; };
		84602E461AE500D5009204B1 /* HMViewController.m in Sources */ = {isa = PBXBuildFile; fileRef = 84602E451AE500D5009204B1 /* HMViewController.m */; };
		84602E481AE500D5009204B1 /* Images.xcassets in Resources */ = {isa = PBXBuildFile; fileRef = 84602E471AE500D5009204B1 /* Images.xcassets */; };
		84602E4F1AE500D5009204B1 /* XCTest.framework in Frameworks */ = {isa = PBXBuildFile; fileRef = 84602E4E1AE500D5009204B1 /* XCTest.framework */; };
		84602E501AE500D5009204B1 /* Foundation.framework in Frameworks */ = {isa = PBXBuildFile; fileRef = 84602E2F1AE500D5009204B1 /* Foundation.framework */; };
		84602E511AE500D5009204B1 /* UIKit.framework in Frameworks */ = {isa = PBXBuildFile; fileRef = 84602E331AE500D5009204B1 /* UIKit.framework */; };
		84602E591AE500D5009204B1 /* InfoPlist.strings in Resources */ = {isa = PBXBuildFile; fileRef = 84602E571AE500D5009204B1 /* InfoPlist.strings */; };
		84602E5B1AE500D5009204B1 /* MyooooTests.m in Sources */ = {isa = PBXBuildFile; fileRef = 84602E5A1AE500D5009204B1 /* MyooooTests.m */; };
/* End PBXBuildFile section */

/* Begin PBXContainerItemProxy section */
		84602E521AE500D5009204B1 /* PBXContainerItemProxy */ = {
			isa = PBXContainerItemProxy;
			containerPortal = 84602E241AE500D5009204B1 /* Project object */;
			proxyType = 1;
			remoteGlobalIDString = 84602E2B1AE500D5009204B1;
			remoteInfo = Myoooo;
		};
/* End PBXContainerItemProxy section */

/* Begin PBXFileReference section */
		84602E2C1AE500D5009204B1 /* Myoooo.app */ = {isa = PBXFileReference; explicitFileType = wrapper.application; includeInIndex = 0; path = Myoooo.app; sourceTree = BUILT_PRODUCTS_DIR; };
		84602E2F1AE500D5009204B1 /* Foundation.framework */ = {isa = PBXFileReference; lastKnownFileType = wrapper.framework; name = Foundation.framework; path = System/Library/Frameworks/Foundation.framework; sourceTree = SDKROOT; };
		84602E311AE500D5009204B1 /* CoreGraphics.framework */ = {isa = PBXFileReference; lastKnownFileType = wrapper.framework; name = CoreGraphics.framework; path = System/Library/Frameworks/CoreGraphics.framework; sourceTree = SDKROOT; };
		84602E331AE500D5009204B1 /* UIKit.framework */ = {isa = PBXFileReference; lastKnownFileType = wrapper.framework; name = UIKit.framework; path = System/Library/Frameworks/UIKit.framework; sourceTree = SDKROOT; };
		84602E371AE500D5009204B1 /* Myoooo-Info.plist */ = {isa = PBXFileReference; lastKnownFileType = text.plist.xml; path = "Myoooo-Info.plist"; sourceTree = "<group>"; };
		84602E391AE500D5009204B1 /* en */ = {isa = PBXFileReference; lastKnownFileType = text.plist.strings; name = en; path = en.lproj/InfoPlist.strings; sourceTree = "<group>"; };
		84602E3B1AE500D5009204B1 /* main.m */ = {isa = PBXFileReference; lastKnownFileType = sourcecode.c.objc; path = main.m; sourceTree = "<group>"; };
		84602E3D1AE500D5009204B1 /* Myoooo-Prefix.pch */ = {isa = PBXFileReference; lastKnownFileType = sourcecode.c.h; path = "Myoooo-Prefix.pch"; sourceTree = "<group>"; };
		84602E3E1AE500D5009204B1 /* HMAppDelegate.h */ = {isa = PBXFileReference; lastKnownFileType = sourcecode.c.h; path = HMAppDelegate.h; sourceTree = "<group>"; };
		84602E3F1AE500D5009204B1 /* HMAppDelegate.m */ = {isa = PBXFileReference; lastKnownFileType = sourcecode.c.objc; path = HMAppDelegate.m; sourceTree = "<group>"; };
		84602E421AE500D5009204B1 /* Base */ = {isa = PBXFileReference; lastKnownFileType = file.storyboard; name = Base; path = Base.lproj/Main.storyboard; sourceTree = "<group>"; };
		84602E441AE500D5009204B1 /* HMViewController.h */ = {isa = PBXFileReference; lastKnownFileType = sourcecode.c.h; path = HMViewController.h; sourceTree = "<group>"; };
		84602E451AE500D5009204B1 /* HMViewController.m */ = {isa = PBXFileReference; lastKnownFileType = sourcecode.c.objc; path = HMViewController.m; sourceTree = "<group>"; };
		84602E471AE500D5009204B1 /* Images.xcassets */ = {isa = PBXFileReference; lastKnownFileType = folder.assetcatalog; path = Images.xcassets; sourceTree = "<group>"; };
		84602E4D1AE500D5009204B1 /* MyooooTests.xctest */ = {isa = PBXFileReference; explicitFileType = wrapper.cfbundle; includeInIndex = 0; path = MyooooTests.xctest; sourceTree = BUILT_PRODUCTS_DIR; };
		84602E4E1AE500D5009204B1 /* XCTest.framework */ = {isa = PBXFileReference; lastKnownFileType = wrapper.framework; name = XCTest.framework; path = Library/Frameworks/XCTest.framework; sourceTree = DEVELOPER_DIR; };
		84602E561AE500D5009204B1 /* MyooooTests-Info.plist */ = {isa = PBXFileReference; lastKnownFileType = text.plist.xml; path = "MyooooTests-Info.plist"; sourceTree = "<group>"; };
		84602E581AE500D5009204B1 /* en */ = {isa = PBXFileReference; lastKnownFileType = text.plist.strings; name = en; path = en.lproj/InfoPlist.strings; sourceTree = "<group>"; };
		84602E5A1AE500D5009204B1 /* MyooooTests.m */ = {isa = PBXFileReference; lastKnownFileType = sourcecode.c.objc; path = MyooooTests.m; sourceTree = "<group>"; };
/* End PBXFileReference section */

/* Begin PBXFrameworksBuildPhase section */
		84602E291AE500D5009204B1 /* Frameworks */ = {
			isa = PBXFrameworksBuildPhase;
			buildActionMask = 2147483647;
			files = (
				84602E321AE500D5009204B1 /* CoreGraphics.framework in Frameworks */,
				84602E341AE500D5009204B1 /* UIKit.framework in Frameworks */,
				84602E301AE500D5009204B1 /* Foundation.framework in Frameworks */,
			);
			runOnlyForDeploymentPostprocessing = 0;
		};
		84602E4A1AE500D5009204B1 /* Frameworks */ = {
			isa = PBXFrameworksBuildPhase;
			buildActionMask = 2147483647;
			files = (
				84602E4F1AE500D5009204B1 /* XCTest.framework in Frameworks */,
				84602E511AE500D5009204B1 /* UIKit.framework in Frameworks */,
				84602E501AE500D5009204B1 /* Foundation.framework in Frameworks */,
			);
			runOnlyForDeploymentPostprocessing = 0;
		};
/* End PBXFrameworksBuildPhase section */

/* Begin PBXGroup section */
		84602E231AE500D5009204B1 = {
			isa = PBXGroup;
			children = (
				84602E351AE500D5009204B1 /* Myoooo */,
				84602E541AE500D5009204B1 /* MyooooTests */,
				84602E2E1AE500D5009204B1 /* Frameworks */,
				84602E2D1AE500D5009204B1 /* Products */,
			);
			sourceTree = "<group>";
		};
		84602E2D1AE500D5009204B1 /* Products */ = {
			isa = PBXGroup;
			children = (
				84602E2C1AE500D5009204B1 /* Myoooo.app */,
				84602E4D1AE500D5009204B1 /* MyooooTests.xctest */,
			);
			name = Products;
			sourceTree = "<group>";
		};
		84602E2E1AE500D5009204B1 /* Frameworks */ = {
			isa = PBXGroup;
			children = (
				84602E2F1AE500D5009204B1 /* Foundation.framework */,
				84602E311AE500D5009204B1 /* CoreGraphics.framework */,
				84602E331AE500D5009204B1 /* UIKit.framework */,
				84602E4E1AE500D5009204B1 /* XCTest.framework */,
			);
			name = Frameworks;
			sourceTree = "<group>";
		};
		84602E351AE500D5009204B1 /* Myoooo */ = {
			isa = PBXGroup;
			children = (
				84602E3E1AE500D5009204B1 /* HMAppDelegate.h */,
				84602E3F1AE500D5009204B1 /* HMAppDelegate.m */,
				84602E411AE500D5009204B1 /* Main.storyboard */,
				84602E441AE500D5009204B1 /* HMViewController.h */,
				84602E451AE500D5009204B1 /* HMViewController.m */,
				84602E471AE500D5009204B1 /* Images.xcassets */,
				84602E361AE500D5009204B1 /* Supporting Files */,
			);
			path = Myoooo;
			sourceTree = "<group>";
		};
		84602E361AE500D5009204B1 /* Supporting Files */ = {
			isa = PBXGroup;
			children = (
				84602E371AE500D5009204B1 /* Myoooo-Info.plist */,
				84602E381AE500D5009204B1 /* InfoPlist.strings */,
				84602E3B1AE500D5009204B1 /* main.m */,
				84602E3D1AE500D5009204B1 /* Myoooo-Prefix.pch */,
			);
			name = "Supporting Files";
			sourceTree = "<group>";
		};
		84602E541AE500D5009204B1 /* MyooooTests */ = {
			isa = PBXGroup;
			children = (
				84602E5A1AE500D5009204B1 /* MyooooTests.m */,
				84602E551AE500D5009204B1 /* Supporting Files */,
			);
			path = MyooooTests;
			sourceTree = "<group>";
		};
		84602E551AE500D5009204B1 /* Supporting Files */ = {
			isa = PBXGroup;
			children = (
				84602E561AE500D5009204B1 /* MyooooTests-Info.plist */,
				84602E571AE500D5009204B1 /* InfoPlist.strings */,
			);
			name = "Supporting Files";
			sourceTree = "<group>";
		};
/* End PBXGroup section */

/* Begin PBXNativeTarget section */
		84602E2B1AE500D5009204B1 /* Myoooo */ = {
			isa = PBXNativeTarget;
			buildConfigurationList = 84602E5E1AE500D5009204B1 /* Build configuration list for PBXNativeTarget "Myoooo" */;
			buildPhases = (
				84602E281AE500D5009204B1 /* Sources */,
				84602E291AE500D5009204B1 /* Frameworks */,
				84602E2A1AE500D5009204B1 /* Resources */,
			);
			buildRules = (
			);
			dependencies = (
			);
			name = Myoooo;
			productName = Myoooo;
			productReference = 84602E2C1AE500D5009204B1 /* Myoooo.app */;
			productType = "com.apple.product-type.application";
		};
		84602E4C1AE500D5009204B1 /* MyooooTests */ = {
			isa = PBXNativeTarget;
			buildConfigurationList = 84602E611AE500D5009204B1 /* Build configuration list for PBXNativeTarget "MyooooTests" */;
			buildPhases = (
				84602E491AE500D5009204B1 /* Sources */,
				84602E4A1AE500D5009204B1 /* Frameworks */,
				84602E4B1AE500D5009204B1 /* Resources */,
			);
			buildRules = (
			);
			dependencies = (
				84602E531AE500D5009204B1 /* PBXTargetDependency */,
			);
			name = MyooooTests;
			productName = MyooooTests;
			productReference = 84602E4D1AE500D5009204B1 /* MyooooTests.xctest */;
			productType = "com.apple.product-type.bundle.unit-test";
		};
/* End PBXNativeTarget section */

/* Begin PBXProject section */
		84602E241AE500D5009204B1 /* Project object */ = {
			isa = PBXProject;
			attributes = {
				CLASSPREFIX = HM;
				LastUpgradeCheck = 0510;
				ORGANIZATIONNAME = itcast;
				TargetAttributes = {
					84602E4C1AE500D5009204B1 = {
						TestTargetID = 84602E2B1AE500D5009204B1;
					};
				};
			};
			buildConfigurationList = 84602E271AE500D5009204B1 /* Build configuration list for PBXProject "Myoooo" */;
			compatibilityVersion = "Xcode 3.2";
			developmentRegion = English;
			hasScannedForEncodings = 0;
			knownRegions = (
				en,
				Base,
			);
			mainGroup = 84602E231AE500D5009204B1;
			productRefGroup = 84602E2D1AE500D5009204B1 /* Products */;
			projectDirPath = "";
			projectRoot = "";
			targets = (
				84602E2B1AE500D5009204B1 /* Myoooo */,
				84602E4C1AE500D5009204B1 /* MyooooTests */,
			);
		};
/* End PBXProject section */

/* Begin PBXResourcesBuildPhase section */
		84602E2A1AE500D5009204B1 /* Resources */ = {
			isa = PBXResourcesBuildPhase;
			buildActionMask = 2147483647;
			files = (
				84602E481AE500D5009204B1 /* Images.xcassets in Resources */,
				84602E3A1AE500D5009204B1 /* InfoPlist.strings in Resources */,
				84602E431AE500D5009204B1 /* Main.storyboard in Resources */,
			);
			runOnlyForDeploymentPostprocessing = 0;
		};
		84602E4B1AE500D5009204B1 /* Resources */ = {
			isa = PBXResourcesBuildPhase;
			buildActionMask = 2147483647;
			files = (
				84602E591AE500D5009204B1 /* InfoPlist.strings in Resources */,
			);
			runOnlyForDeploymentPostprocessing = 0;
		};
/* End PBXResourcesBuildPhase section */

/* Begin PBXSourcesBuildPhase section */
		84602E281AE500D5009204B1 /* Sources */ = {
			isa = PBXSourcesBuildPhase;
			buildActionMask = 2147483647;
			files = (
				84602E461AE500D5009204B1 /* HMViewController.m in Sources */,
				84602E3C1AE500D5009204B1 /* main.m in Sources */,
				84602E401AE500D5009204B1 /* HMAppDelegate.m in Sources */,
			);
			runOnlyForDeploymentPostprocessing = 0;
		};
		84602E491AE500D5009204B1 /* Sources */ = {
			isa = PBXSourcesBuildPhase;
			buildActionMask = 2147483647;
			files = (
				84602E5B1AE500D5009204B1 /* MyooooTests.m in Sources */,
			);
			runOnlyForDeploymentPostprocessing = 0;
		};
/* End PBXSourcesBuildPhase section */

/* Begin PBXTargetDependency section */
		84602E531AE500D5009204B1 /* PBXTargetDependency */ = {
			isa = PBXTargetDependency;
			target = 84602E2B1AE500D5009204B1 /* Myoooo */;
			targetProxy = 84602E521AE500D5009204B1 /* PBXContainerItemProxy */;
		};
/* End PBXTargetDependency section */

/* Begin PBXVariantGroup section */
		84602E381AE500D5009204B1 /* InfoPlist.strings */ = {
			isa = PBXVariantGroup;
			children = (
				84602E391AE500D5009204B1 /* en */,
			);
			name = InfoPlist.strings;
			sourceTree = "<group>";
		};
		84602E411AE500D5009204B1 /* Main.storyboard */ = {
			isa = PBXVariantGroup;
			children = (
				84602E421AE500D5009204B1 /* Base */,
			);
			name = Main.storyboard;
			sourceTree = "<group>";
		};
		84602E571AE500D5009204B1 /* InfoPlist.strings */ = {
			isa = PBXVariantGroup;
			children = (
				84602E581AE500D5009204B1 /* en */,
			);
			name = InfoPlist.strings;
			sourceTree = "<group>";
		};
/* End PBXVariantGroup section */

/* Begin XCBuildConfiguration section */
		84602E5C1AE500D5009204B1 /* Debug */ = {
			isa = XCBuildConfiguration;
			buildSettings = {
				ALWAYS_SEARCH_USER_PATHS = NO;
				CLANG_CXX_LANGUAGE_STANDARD = "gnu++0x";
				CLANG_CXX_LIBRARY = "libc++";
				CLANG_ENABLE_MODULES = YES;
				CLANG_ENABLE_OBJC_ARC = YES;
				CLANG_WARN_BOOL_CONVERSION = YES;
				CLANG_WARN_CONSTANT_CONVERSION = YES;
				CLANG_WARN_DIRECT_OBJC_ISA_USAGE = YES_ERROR;
				CLANG_WARN_EMPTY_BODY = YES;
				CLANG_WARN_ENUM_CONVERSION = YES;
				CLANG_WARN_INT_CONVERSION = YES;
				CLANG_WARN_OBJC_ROOT_CLASS = YES_ERROR;
				CLANG_WARN__DUPLICATE_METHOD_MATCH = YES;
				"CODE_SIGN_IDENTITY[sdk=iphoneos*]" = "iPhone Developer";
				COPY_PHASE_STRIP = NO;
				GCC_C_LANGUAGE_STANDARD = gnu99;
				GCC_DYNAMIC_NO_PIC = NO;
				GCC_OPTIMIZATION_LEVEL = 0;
				GCC_PREPROCESSOR_DEFINITIONS = (
					"DEBUG=1",
					"$(inherited)",
				);
				GCC_SYMBOLS_PRIVATE_EXTERN = NO;
				GCC_WARN_64_TO_32_BIT_CONVERSION = YES;
				GCC_WARN_ABOUT_RETURN_TYPE = YES_ERROR;
				GCC_WARN_UNDECLARED_SELECTOR = YES;
				GCC_WARN_UNINITIALIZED_AUTOS = YES_AGGRESSIVE;
				GCC_WARN_UNUSED_FUNCTION = YES;
				GCC_WARN_UNUSED_VARIABLE = YES;
				IPHONEOS_DEPLOYMENT_TARGET = 7.1;
				ONLY_ACTIVE_ARCH = YES;
				SDKROOT = iphoneos;
			};
			name = Debug;
		};
		84602E5D1AE500D5009204B1 /* Release */ = {
			isa = XCBuildConfiguration;
			buildSettings = {
				ALWAYS_SEARCH_USER_PATHS = NO;
				CLANG_CXX_LANGUAGE_STANDARD = "gnu++0x";
				CLANG_CXX_LIBRARY = "libc++";
				CLANG_ENABLE_MODULES = YES;
				CLANG_ENABLE_OBJC_ARC = YES;
				CLANG_WARN_BOOL_CONVERSION = YES;
				CLANG_WARN_CONSTANT_CONVERSION = YES;
				CLANG_WARN_DIRECT_OBJC_ISA_USAGE = YES_ERROR;
				CLANG_WARN_EMPTY_BODY = YES;
				CLANG_WARN_ENUM_CONVERSION = YES;
				CLANG_WARN_INT_CONVERSION = YES;
				CLANG_WARN_OBJC_ROOT_CLASS = YES_ERROR;
				CLANG_WARN__DUPLICATE_METHOD_MATCH = YES;
				"CODE_SIGN_IDENTITY[sdk=iphoneos*]" = "iPhone Developer";
				COPY_PHASE_STRIP = YES;
				ENABLE_NS_ASSERTIONS = NO;
				GCC_C_LANGUAGE_STANDARD = gnu99;
				GCC_WARN_64_TO_32_BIT_CONVERSION = YES;
				GCC_WARN_ABOUT_RETURN_TYPE = YES_ERROR;
				GCC_WARN_UNDECLARED_SELECTOR = YES;
				GCC_WARN_UNINITIALIZED_AUTOS = YES_AGGRESSIVE;
				GCC_WARN_UNUSED_FUNCTION = YES;
				GCC_WARN_UNUSED_VARIABLE = YES;
				IPHONEOS_DEPLOYMENT_TARGET = 7.1;
				SDKROOT = iphoneos;
				VALIDATE_PRODUCT = YES;
			};
			name = Release;
		};
		84602E5F1AE500D5009204B1 /* Debug */ = {
			isa = XCBuildConfiguration;
			buildSettings = {
				ASSETCATALOG_COMPILER_APPICON_NAME = AppIcon;
				ASSETCATALOG_COMPILER_LAUNCHIMAGE_NAME = LaunchImage;
				GCC_PRECOMPILE_PREFIX_HEADER = YES;
				GCC_PREFIX_HEADER = "Myoooo/Myoooo-Prefix.pch";
				INFOPLIST_FILE = "Myoooo/Myoooo-Info.plist";
				PRODUCT_NAME = "$(TARGET_NAME)";
				WRAPPER_EXTENSION = app;
			};
			name = Debug;
		};
		84602E601AE500D5009204B1 /* Release */ = {
			isa = XCBuildConfiguration;
			buildSettings = {
				ASSETCATALOG_COMPILER_APPICON_NAME = AppIcon;
				ASSETCATALOG_COMPILER_LAUNCHIMAGE_NAME = LaunchImage;
				GCC_PRECOMPILE_PREFIX_HEADER = YES;
				GCC_PREFIX_HEADER = "Myoooo/Myoooo-Prefix.pch";
				INFOPLIST_FILE = "Myoooo/Myoooo-Info.plist";
				PRODUCT_NAME = "$(TARGET_NAME)";
				WRAPPER_EXTENSION = app;
			};
			name = Release;
		};
		84602E621AE500D5009204B1 /* Debug */ = {
			isa = XCBuildConfiguration;
			buildSettings = {
				BUNDLE_LOADER = "$(BUILT_PRODUCTS_DIR)/Myoooo.app/Myoooo";
				FRAMEWORK_SEARCH_PATHS = (
					"$(SDKROOT)/Developer/Library/Frameworks",
					"$(inherited)",
					"$(DEVELOPER_FRAMEWORKS_DIR)",
				);
				GCC_PRECOMPILE_PREFIX_HEADER = YES;
				GCC_PREFIX_HEADER = "Myoooo/Myoooo-Prefix.pch";
				GCC_PREPROCESSOR_DEFINITIONS = (
					"DEBUG=1",
					"$(inherited)",
				);
				INFOPLIST_FILE = "MyooooTests/MyooooTests-Info.plist";
				PRODUCT_NAME = "$(TARGET_NAME)";
				TEST_HOST = "$(BUNDLE_LOADER)";
				WRAPPER_EXTENSION = xctest;
			};
			name = Debug;
		};
		84602E631AE500D5009204B1 /* Release */ = {
			isa = XCBuildConfiguration;
			buildSettings = {
				BUNDLE_LOADER = "$(BUILT_PRODUCTS_DIR)/Myoooo.app/Myoooo";
				FRAMEWORK_SEARCH_PATHS = (
					"$(SDKROOT)/Developer/Library/Frameworks",
					"$(inherited)",
					"$(DEVELOPER_FRAMEWORKS_DIR)",
				);
				GCC_PRECOMPILE_PREFIX_HEADER = YES;
				GCC_PREFIX_HEADER = "Myoooo/Myoooo-Prefix.pch";
				INFOPLIST_FILE = "MyooooTests/MyooooTests-Info.plist";
				PRODUCT_NAME = "$(TARGET_NAME)";
				TEST_HOST = "$(BUNDLE_LOADER)";
				WRAPPER_EXTENSION = xctest;
			};
			name = Release;
		};
/* End XCBuildConfiguration section */

/* Begin XCConfigurationList section */
		84602E271AE500D5009204B1 /* Build configuration list for PBXProject "Myoooo" */ = {
			isa = XCConfigurationList;
			buildConfigurations = (
				84602E5C1AE500D5009204B1 /* Debug */,
				84602E5D1AE500D5009204B1 /* Release */,
			);
			defaultConfigurationIsVisible = 0;
			defaultConfigurationName = Release;
		};
		84602E5E1AE500D5009204B1 /* Build configuration list for PBXNativeTarget "Myoooo" */ = {
			isa = XCConfigurationList;
			buildConfigurations = (
				84602E5F1AE500D5009204B1 /* Debug */,
				84602E601AE500D5009204B1 /* Release */,
			);
			defaultConfigurationIsVisible = 0;
		};
		84602E611AE500D5009204B1 /* Build configuration list for PBXNativeTarget "MyooooTests" */ = {
			isa = XCConfigurationList;
			buildConfigurations = (
				84602E621AE500D5009204B1 /* Debug */,
				84602E631AE500D5009204B1 /* Release */,
			);
			defaultConfigurationIsVisible = 0;
		};
/* End XCConfigurationList section */
	};
	rootObject = 84602E241AE500D5009204B1 /* Project object */;
}
